
Microsoft Visual Studio Solution File, Format Version 12.00
# Visual Studio Version 16
VisualStudioVersion = 16.0.30128.74
MinimumVisualStudioVersion = 10.0.40219.1
Project("{FAE04EC0-301F-11D3-BF4B-00C04F79EFBC}") = "KepCidScannerConnectorApp", "KepCidScannerConnectorApp\KepCidScannerConnectorApp.csproj", "{224C814C-47D0-4B7E-ABB4-EE7C96ECF3DA}"
EndProject
Project("{FAE04EC0-301F-11D3-BF4B-00C04F79EFBC}") = "ScannerConnector", "ScannerConnector\ScannerConnector.csproj", "{23B34A9E-BC53-46F0-9CC8-0D1FF47506EF}"
EndProject
Global
	GlobalSection(SolutionConfigurationPlatforms) = preSolution
		Debug|Any CPU = Debug|Any CPU
		Release|Any CPU = Release|Any CPU
	EndGlobalSection
	GlobalSection(ProjectConfigurationPlatforms) = postSolution
		{224C814C-47D0-4B7E-ABB4-EE7C96ECF3DA}.Debug|Any CPU.ActiveCfg = Debug|Any CPU
		{224C814C-47D0-4B7E-ABB4-EE7C96ECF3DA}.Debug|Any CPU.Build.0 = Debug|Any CPU
		{224C814C-47D0-4B7E-ABB4-EE7C96ECF3DA}.Release|Any CPU.ActiveCfg = Release|Any CPU
		{224C814C-47D0-4B7E-ABB4-EE7C96ECF3DA}.Release|Any CPU.Build.0 = Release|Any CPU
		{23B34A9E-BC53-46F0-9CC8-0D1FF47506EF}.Debug|Any CPU.ActiveCfg = Debug|Any CPU
		{23B34A9E-BC53-46F0-9CC8-0D1FF47506EF}.Debug|Any CPU.Build.0 = Debug|Any CPU
		{23B34A9E-BC53-46F0-9CC8-0D1FF47506EF}.Release|Any CPU.ActiveCfg = Release|Any CPU
		{23B34A9E-BC53-46F0-9CC8-0D1FF47506EF}.Release|Any CPU.Build.0 = Release|Any CPU
	EndGlobalSection
	GlobalSection(SolutionProperties) = preSolution
		HideSolutionNode = FALSE
	EndGlobalSection
	GlobalSection(ExtensibilityGlobals) = postSolution
		SolutionGuid = {0DA376CB-1429-4741-B3E1-0F441B19F9B0}
	EndGlobalSection
EndGlobal
